
Microsoft Visual Studio Solution File, Format Version 12.00
# Visual Studio Version 16
VisualStudioVersion = 16.0.33423.256
MinimumVisualStudioVersion = 10.0.40219.1
Project("{FAE04EC0-301F-11D3-BF4B-00C04F79EFBC}") = "upndown", "upndown.csproj", "{272FF487-970B-4A0C-B528-F97D57A0FCDB}"
EndProject
Global
	GlobalSection(SolutionConfigurationPlatforms) = preSolution
		Debug|Any CPU = Debug|Any CPU
		Release|Any CPU = Release|Any CPU
	EndGlobalSection
	GlobalSection(ProjectConfigurationPlatforms) = postSolution
		{272FF487-970B-4A0C-B528-F97D57A0FCDB}.Debug|Any CPU.ActiveCfg = Debug|Any CPU
		{272FF487-970B-4A0C-B528-F97D57A0FCDB}.Debug|Any CPU.Build.0 = Debug|Any CPU
		{272FF487-970B-4A0C-B528-F97D57A0FCDB}.Release|Any CPU.ActiveCfg = Release|Any CPU
		{272FF487-970B-4A0C-B528-F97D57A0FCDB}.Release|Any CPU.Build.0 = Release|Any CPU
	EndGlobalSection
	GlobalSection(SolutionProperties) = preSolution
		HideSolutionNode = FALSE
	EndGlobalSection
	GlobalSection(ExtensibilityGlobals) = postSolution
		SolutionGuid = {A61CAE44-3D63-4BE1-AE20-37E00D6F5B84}
	EndGlobalSection
EndGlobal
